
Microsoft Visual Studio Solution File, Format Version 12.00
# Visual Studio Version 17
VisualStudioVersion = 17.4.33110.190
MinimumVisualStudioVersion = 10.0.40219.1
Project("{9A19103F-16F7-4668-BE54-9A1E7A4F7556}") = "congestion-tax-calculator-net-core", "congestion-tax-calculator-net-core.csproj", "{BAE7EE46-2AC7-499F-B6F6-047372A2DCAE}"
EndProject
Project("{FAE04EC0-301F-11D3-BF4B-00C04F79EFBC}") = "congestion-tax-calculator.Test.Unit", "..\congestion-tax-calculator.Test.Unit\congestion-tax-calculator.Test.Unit.csproj", "{915BEE29-A4B4-4FF6-9F82-2F2A3CB44368}"
EndProject
Global
	GlobalSection(SolutionConfigurationPlatforms) = preSolution
		Debug|Any CPU = Debug|Any CPU
		Release|Any CPU = Release|Any CPU
	EndGlobalSection
	GlobalSection(ProjectConfigurationPlatforms) = postSolution
		{BAE7EE46-2AC7-499F-B6F6-047372A2DCAE}.Debug|Any CPU.ActiveCfg = Debug|Any CPU
		{BAE7EE46-2AC7-499F-B6F6-047372A2DCAE}.Debug|Any CPU.Build.0 = Debug|Any CPU
		{BAE7EE46-2AC7-499F-B6F6-047372A2DCAE}.Release|Any CPU.ActiveCfg = Release|Any CPU
		{BAE7EE46-2AC7-499F-B6F6-047372A2DCAE}.Release|Any CPU.Build.0 = Release|Any CPU
		{915BEE29-A4B4-4FF6-9F82-2F2A3CB44368}.Debug|Any CPU.ActiveCfg = Debug|Any CPU
		{915BEE29-A4B4-4FF6-9F82-2F2A3CB44368}.Debug|Any CPU.Build.0 = Debug|Any CPU
		{915BEE29-A4B4-4FF6-9F82-2F2A3CB44368}.Release|Any CPU.ActiveCfg = Release|Any CPU
		{915BEE29-A4B4-4FF6-9F82-2F2A3CB44368}.Release|Any CPU.Build.0 = Release|Any CPU
	EndGlobalSection
	GlobalSection(SolutionProperties) = preSolution
		HideSolutionNode = FALSE
	EndGlobalSection
	GlobalSection(ExtensibilityGlobals) = postSolution
		SolutionGuid = {F30CED66-2E1D-4280-9A1B-40ABBFAAFFB2}
	EndGlobalSection
EndGlobal
